packages:
  axi:
    revision: null
    version: null
    source:
      Path: deps/axi
    dependencies:
    - common_cells
    - common_verification
    - tech_cells_generic
  common_cells:
    revision: null
    version: null
    source:
      Path: deps/common_cells
    dependencies:
    - common_verification
    - tech_cells_generic
  common_verification:
    revision: null
    version: null
    source:
      Path: deps/common_verification
    dependencies: []
  tech_cells_generic:
    revision: null
    version: null
    source:
      Path: deps/tech_cells_generic
    dependencies:
    - common_verification
